
Microsoft Visual Studio Solution File, Format Version 12.00
# Visual Studio Version 17
VisualStudioVersion = 17.3.32929.385
MinimumVisualStudioVersion = 10.0.40219.1
Project("{FAE04EC0-301F-11D3-BF4B-00C04F79EFBC}") = "Server", "Server\Server.csproj", "{B047A6A4-07F0-4ECF-AD29-07352E4CE975}"
EndProject
Project("{FAE04EC0-301F-11D3-BF4B-00C04F79EFBC}") = "ClientApp", "ClientApp\ClientApp.csproj", "{796BBEC0-43F8-42AC-8A02-22689332A632}"
EndProject
Global
	GlobalSection(SolutionConfigurationPlatforms) = preSolution
		Debug|Any CPU = Debug|Any CPU
		Release|Any CPU = Release|Any CPU
	EndGlobalSection
	GlobalSection(ProjectConfigurationPlatforms) = postSolution
		{B047A6A4-07F0-4ECF-AD29-07352E4CE975}.Debug|Any CPU.ActiveCfg = Debug|Any CPU
		{B047A6A4-07F0-4ECF-AD29-07352E4CE975}.Debug|Any CPU.Build.0 = Debug|Any CPU
		{B047A6A4-07F0-4ECF-AD29-07352E4CE975}.Release|Any CPU.ActiveCfg = Release|Any CPU
		{B047A6A4-07F0-4ECF-AD29-07352E4CE975}.Release|Any CPU.Build.0 = Release|Any CPU
		{796BBEC0-43F8-42AC-8A02-22689332A632}.Debug|Any CPU.ActiveCfg = Debug|Any CPU
		{796BBEC0-43F8-42AC-8A02-22689332A632}.Debug|Any CPU.Build.0 = Debug|Any CPU
		{796BBEC0-43F8-42AC-8A02-22689332A632}.Release|Any CPU.ActiveCfg = Release|Any CPU
		{796BBEC0-43F8-42AC-8A02-22689332A632}.Release|Any CPU.Build.0 = Release|Any CPU
	EndGlobalSection
	GlobalSection(SolutionProperties) = preSolution
		HideSolutionNode = FALSE
	EndGlobalSection
	GlobalSection(ExtensibilityGlobals) = postSolution
		SolutionGuid = {B77DACEF-3591-4FAF-98C1-481FC21C4880}
	EndGlobalSection
EndGlobal
